
Microsoft Visual Studio Solution File, Format Version 12.00
# Visual Studio Version 16
VisualStudioVersion = 16.0.31112.23
MinimumVisualStudioVersion = 10.0.40219.1
Project("{FAE04EC0-301F-11D3-BF4B-00C04F79EFBC}") = "Loopy Bois", "Loopy Bois\Loopy Bois.csproj", "{8C5B05DE-E808-42B5-B7CE-263CE70EA8F6}"
EndProject
Global
	GlobalSection(SolutionConfigurationPlatforms) = preSolution
		Debug|Any CPU = Debug|Any CPU
		Release|Any CPU = Release|Any CPU
	EndGlobalSection
	GlobalSection(ProjectConfigurationPlatforms) = postSolution
		{8C5B05DE-E808-42B5-B7CE-263CE70EA8F6}.Debug|Any CPU.ActiveCfg = Debug|Any CPU
		{8C5B05DE-E808-42B5-B7CE-263CE70EA8F6}.Debug|Any CPU.Build.0 = Debug|Any CPU
		{8C5B05DE-E808-42B5-B7CE-263CE70EA8F6}.Release|Any CPU.ActiveCfg = Release|Any CPU
		{8C5B05DE-E808-42B5-B7CE-263CE70EA8F6}.Release|Any CPU.Build.0 = Release|Any CPU
	EndGlobalSection
	GlobalSection(SolutionProperties) = preSolution
		HideSolutionNode = FALSE
	EndGlobalSection
	GlobalSection(ExtensibilityGlobals) = postSolution
		SolutionGuid = {B6C51A0F-4D17-46A4-94BD-7192F7707F89}
	EndGlobalSection
EndGlobal
